
Microsoft Visual Studio Solution File, Format Version 12.00
Project("{FAE04EC0-301F-11D3-BF4B-00C04F79EFBC}") = "LongMethod", "LongMethod\LongMethod.csproj", "{D18AE085-C6AA-4CD1-B4BD-AAB5095D43E1}"
EndProject
Project("{FAE04EC0-301F-11D3-BF4B-00C04F79EFBC}") = "LongMethod.Test", "LongMethod.Test\LongMethod.Test.csproj", "{C65FE55D-F19E-49B6-B7BB-406895CDD78E}"
EndProject
Project("{FAE04EC0-301F-11D3-BF4B-00C04F79EFBC}") = "Comments", "Comments\Comments.csproj", "{0F980EEC-7DF4-41A8-B866-26A1F331F9BF}"
EndProject
Project("{FAE04EC0-301F-11D3-BF4B-00C04F79EFBC}") = "Comments.Test", "Comments.Test\Comments.Test.csproj", "{756A4CB1-3F5E-47A7-90C5-D0E2335CAEA9}"
EndProject
Project("{FAE04EC0-301F-11D3-BF4B-00C04F79EFBC}") = "Duplication", "Duplication\Duplication.csproj", "{1BEC1108-085C-4A48-A2EE-D64D24680D5F}"
EndProject
Project("{FAE04EC0-301F-11D3-BF4B-00C04F79EFBC}") = "Duplication.Test", "Duplication.Test\Duplication.Test.csproj", "{4845E394-77CC-4450-B895-ADF104788994}"
EndProject
Global
	GlobalSection(SolutionConfigurationPlatforms) = preSolution
		Debug|Any CPU = Debug|Any CPU
		Release|Any CPU = Release|Any CPU
	EndGlobalSection
	GlobalSection(ProjectConfigurationPlatforms) = postSolution
		{D18AE085-C6AA-4CD1-B4BD-AAB5095D43E1}.Debug|Any CPU.ActiveCfg = Debug|Any CPU
		{D18AE085-C6AA-4CD1-B4BD-AAB5095D43E1}.Debug|Any CPU.Build.0 = Debug|Any CPU
		{D18AE085-C6AA-4CD1-B4BD-AAB5095D43E1}.Release|Any CPU.ActiveCfg = Release|Any CPU
		{D18AE085-C6AA-4CD1-B4BD-AAB5095D43E1}.Release|Any CPU.Build.0 = Release|Any CPU
		{C65FE55D-F19E-49B6-B7BB-406895CDD78E}.Debug|Any CPU.ActiveCfg = Debug|Any CPU
		{C65FE55D-F19E-49B6-B7BB-406895CDD78E}.Debug|Any CPU.Build.0 = Debug|Any CPU
		{C65FE55D-F19E-49B6-B7BB-406895CDD78E}.Release|Any CPU.ActiveCfg = Release|Any CPU
		{C65FE55D-F19E-49B6-B7BB-406895CDD78E}.Release|Any CPU.Build.0 = Release|Any CPU
		{0F980EEC-7DF4-41A8-B866-26A1F331F9BF}.Debug|Any CPU.ActiveCfg = Debug|Any CPU
		{0F980EEC-7DF4-41A8-B866-26A1F331F9BF}.Debug|Any CPU.Build.0 = Debug|Any CPU
		{0F980EEC-7DF4-41A8-B866-26A1F331F9BF}.Release|Any CPU.ActiveCfg = Release|Any CPU
		{0F980EEC-7DF4-41A8-B866-26A1F331F9BF}.Release|Any CPU.Build.0 = Release|Any CPU
		{756A4CB1-3F5E-47A7-90C5-D0E2335CAEA9}.Debug|Any CPU.ActiveCfg = Debug|Any CPU
		{756A4CB1-3F5E-47A7-90C5-D0E2335CAEA9}.Debug|Any CPU.Build.0 = Debug|Any CPU
		{756A4CB1-3F5E-47A7-90C5-D0E2335CAEA9}.Release|Any CPU.ActiveCfg = Release|Any CPU
		{756A4CB1-3F5E-47A7-90C5-D0E2335CAEA9}.Release|Any CPU.Build.0 = Release|Any CPU
		{1BEC1108-085C-4A48-A2EE-D64D24680D5F}.Debug|Any CPU.ActiveCfg = Debug|Any CPU
		{1BEC1108-085C-4A48-A2EE-D64D24680D5F}.Debug|Any CPU.Build.0 = Debug|Any CPU
		{1BEC1108-085C-4A48-A2EE-D64D24680D5F}.Release|Any CPU.ActiveCfg = Release|Any CPU
		{1BEC1108-085C-4A48-A2EE-D64D24680D5F}.Release|Any CPU.Build.0 = Release|Any CPU
		{4845E394-77CC-4450-B895-ADF104788994}.Debug|Any CPU.ActiveCfg = Debug|Any CPU
		{4845E394-77CC-4450-B895-ADF104788994}.Debug|Any CPU.Build.0 = Debug|Any CPU
		{4845E394-77CC-4450-B895-ADF104788994}.Release|Any CPU.ActiveCfg = Release|Any CPU
		{4845E394-77CC-4450-B895-ADF104788994}.Release|Any CPU.Build.0 = Release|Any CPU
	EndGlobalSection
EndGlobal
